
Microsoft Visual Studio Solution File, Format Version 12.00
# Visual Studio Version 17
VisualStudioVersion = 17.13.35825.156
MinimumVisualStudioVersion = 10.0.40219.1
Project("{FAE04EC0-301F-11D3-BF4B-00C04F79EFBC}") = "Projeto Final", "Projeto Final\Projeto Final.csproj", "{3D7F744D-D3C9-4812-9C08-0C435163F58E}"
EndProject
Project("{FAE04EC0-301F-11D3-BF4B-00C04F79EFBC}") = "Entidades", "Entidades\Entidades.csproj", "{344ABA9B-765F-489A-9997-406D904B01C9}"
EndProject
Project("{FAE04EC0-301F-11D3-BF4B-00C04F79EFBC}") = "InfraEstrutura", "InfraEstrutura\InfraEstrutura.csproj", "{B129FE46-71BA-468D-AA3E-7F082C96E090}"
EndProject
Project("{FAE04EC0-301F-11D3-BF4B-00C04F79EFBC}") = "Interfaces", "Interfaces\Interfaces.csproj", "{1C260819-A80C-4F3E-84D0-EDBF806CDE55}"
EndProject
Project("{FAE04EC0-301F-11D3-BF4B-00C04F79EFBC}") = "Repositorio", "Repositorio\Repositorio.csproj", "{BB5544CE-DB19-4DCA-B902-9E73D6355726}"
EndProject
Project("{FAE04EC0-301F-11D3-BF4B-00C04F79EFBC}") = "ProjetoFinal.DTOs", "ProjetoFinal.DTOs\ProjetoFinal.DTOs.csproj", "{71121022-A8F3-4C29-848B-5A6BED65099E}"
EndProject
Global
	GlobalSection(SolutionConfigurationPlatforms) = preSolution
		Debug|Any CPU = Debug|Any CPU
		Release|Any CPU = Release|Any CPU
	EndGlobalSection
	GlobalSection(ProjectConfigurationPlatforms) = postSolution
		{3D7F744D-D3C9-4812-9C08-0C435163F58E}.Debug|Any CPU.ActiveCfg = Debug|Any CPU
		{3D7F744D-D3C9-4812-9C08-0C435163F58E}.Debug|Any CPU.Build.0 = Debug|Any CPU
		{3D7F744D-D3C9-4812-9C08-0C435163F58E}.Release|Any CPU.ActiveCfg = Release|Any CPU
		{3D7F744D-D3C9-4812-9C08-0C435163F58E}.Release|Any CPU.Build.0 = Release|Any CPU
		{344ABA9B-765F-489A-9997-406D904B01C9}.Debug|Any CPU.ActiveCfg = Debug|Any CPU
		{344ABA9B-765F-489A-9997-406D904B01C9}.Debug|Any CPU.Build.0 = Debug|Any CPU
		{344ABA9B-765F-489A-9997-406D904B01C9}.Release|Any CPU.ActiveCfg = Release|Any CPU
		{344ABA9B-765F-489A-9997-406D904B01C9}.Release|Any CPU.Build.0 = Release|Any CPU
		{B129FE46-71BA-468D-AA3E-7F082C96E090}.Debug|Any CPU.ActiveCfg = Debug|Any CPU
		{B129FE46-71BA-468D-AA3E-7F082C96E090}.Debug|Any CPU.Build.0 = Debug|Any CPU
		{B129FE46-71BA-468D-AA3E-7F082C96E090}.Release|Any CPU.ActiveCfg = Release|Any CPU
		{B129FE46-71BA-468D-AA3E-7F082C96E090}.Release|Any CPU.Build.0 = Release|Any CPU
		{1C260819-A80C-4F3E-84D0-EDBF806CDE55}.Debug|Any CPU.ActiveCfg = Debug|Any CPU
		{1C260819-A80C-4F3E-84D0-EDBF806CDE55}.Debug|Any CPU.Build.0 = Debug|Any CPU
		{1C260819-A80C-4F3E-84D0-EDBF806CDE55}.Release|Any CPU.ActiveCfg = Release|Any CPU
		{1C260819-A80C-4F3E-84D0-EDBF806CDE55}.Release|Any CPU.Build.0 = Release|Any CPU
		{BB5544CE-DB19-4DCA-B902-9E73D6355726}.Debug|Any CPU.ActiveCfg = Debug|Any CPU
		{BB5544CE-DB19-4DCA-B902-9E73D6355726}.Debug|Any CPU.Build.0 = Debug|Any CPU
		{BB5544CE-DB19-4DCA-B902-9E73D6355726}.Release|Any CPU.ActiveCfg = Release|Any CPU
		{BB5544CE-DB19-4DCA-B902-9E73D6355726}.Release|Any CPU.Build.0 = Release|Any CPU
		{71121022-A8F3-4C29-848B-5A6BED65099E}.Debug|Any CPU.ActiveCfg = Debug|Any CPU
		{71121022-A8F3-4C29-848B-5A6BED65099E}.Debug|Any CPU.Build.0 = Debug|Any CPU
		{71121022-A8F3-4C29-848B-5A6BED65099E}.Release|Any CPU.ActiveCfg = Release|Any CPU
		{71121022-A8F3-4C29-848B-5A6BED65099E}.Release|Any CPU.Build.0 = Release|Any CPU
	EndGlobalSection
	GlobalSection(SolutionProperties) = preSolution
		HideSolutionNode = FALSE
	EndGlobalSection
	GlobalSection(ExtensibilityGlobals) = postSolution
		SolutionGuid = {AF8D491B-51C2-45E8-A50C-609AE4D51E6F}
	EndGlobalSection
EndGlobal
